
Microsoft Visual Studio Solution File, Format Version 12.00
# Visual Studio Version 17
VisualStudioVersion = 17.4.33213.308
MinimumVisualStudioVersion = 10.0.40219.1
Project("{FAE04EC0-301F-11D3-BF4B-00C04F79EFBC}") = "Ejercicio 1 - If", "Ejercicio 1 - If\Ejercicio 1 - If.csproj", "{BA3C7352-475C-4251-93D0-C6C9B98A5E04}"
EndProject
Global
	GlobalSection(SolutionConfigurationPlatforms) = preSolution
		Debug|Any CPU = Debug|Any CPU
		Release|Any CPU = Release|Any CPU
	EndGlobalSection
	GlobalSection(ProjectConfigurationPlatforms) = postSolution
		{BA3C7352-475C-4251-93D0-C6C9B98A5E04}.Debug|Any CPU.ActiveCfg = Debug|Any CPU
		{BA3C7352-475C-4251-93D0-C6C9B98A5E04}.Debug|Any CPU.Build.0 = Debug|Any CPU
		{BA3C7352-475C-4251-93D0-C6C9B98A5E04}.Release|Any CPU.ActiveCfg = Release|Any CPU
		{BA3C7352-475C-4251-93D0-C6C9B98A5E04}.Release|Any CPU.Build.0 = Release|Any CPU
	EndGlobalSection
	GlobalSection(SolutionProperties) = preSolution
		HideSolutionNode = FALSE
	EndGlobalSection
	GlobalSection(ExtensibilityGlobals) = postSolution
		SolutionGuid = {44E9CBEA-312E-422D-A126-E346E950FF3C}
	EndGlobalSection
EndGlobal
